# THIS IS AN AUTOGENERATED FILE. DO NOT EDIT THIS FILE DIRECTLY.
# yarn lockfile v1


"@electron/remote@1.0.4":
  version "1.0.4"
  resolved "https://registry.yarnpkg.com/@electron/remote/-/remote-1.0.4.tgz#f1c8cf3560bab762b462bfae9991919cced8bc33"
  integrity sha512-kguDJRhL3ZynHrkbX8Tr7xoAzGsNgh4eqXkycXb6cgXbOgehGqkBVe+MnjSVMXz3QJykerGKPy28gqcM7AFGYw==
